
Microsoft Visual Studio Solution File, Format Version 12.00
# Visual Studio 15
VisualStudioVersion = 15.0.28307.136
MinimumVisualStudioVersion = 10.0.40219.1
Project("{9A19103F-16F7-4668-BE54-9A1E7A4F7556}") = "RequestHelperSample", "RequestHelperSample\RequestHelperSample.csproj", "{0D6EDA9D-1444-4774-9685-1A6195086C64}"
EndProject
Project("{9A19103F-16F7-4668-BE54-9A1E7A4F7556}") = "RequestHelperSample.Data", "RequestHelperSample.Data\RequestHelperSample.Data.csproj", "{3EF00FA5-8DA6-494E-B56D-8ACB8938A61B}"
EndProject
Project("{FAE04EC0-301F-11D3-BF4B-00C04F79EFBC}") = "RequestHelperSample.API", "RequestHelperSample.API\RequestHelperSample.API.csproj", "{BE07CC1F-1E24-4DE0-A05C-0D05490DA5A9}"
EndProject
Global
	GlobalSection(SolutionConfigurationPlatforms) = preSolution
		Debug|Any CPU = Debug|Any CPU
		Release|Any CPU = Release|Any CPU
	EndGlobalSection
	GlobalSection(ProjectConfigurationPlatforms) = postSolution
		{0D6EDA9D-1444-4774-9685-1A6195086C64}.Debug|Any CPU.ActiveCfg = Debug|Any CPU
		{0D6EDA9D-1444-4774-9685-1A6195086C64}.Debug|Any CPU.Build.0 = Debug|Any CPU
		{0D6EDA9D-1444-4774-9685-1A6195086C64}.Release|Any CPU.ActiveCfg = Release|Any CPU
		{0D6EDA9D-1444-4774-9685-1A6195086C64}.Release|Any CPU.Build.0 = Release|Any CPU
		{3EF00FA5-8DA6-494E-B56D-8ACB8938A61B}.Debug|Any CPU.ActiveCfg = Debug|Any CPU
		{3EF00FA5-8DA6-494E-B56D-8ACB8938A61B}.Debug|Any CPU.Build.0 = Debug|Any CPU
		{3EF00FA5-8DA6-494E-B56D-8ACB8938A61B}.Release|Any CPU.ActiveCfg = Release|Any CPU
		{3EF00FA5-8DA6-494E-B56D-8ACB8938A61B}.Release|Any CPU.Build.0 = Release|Any CPU
		{BE07CC1F-1E24-4DE0-A05C-0D05490DA5A9}.Debug|Any CPU.ActiveCfg = Debug|Any CPU
		{BE07CC1F-1E24-4DE0-A05C-0D05490DA5A9}.Debug|Any CPU.Build.0 = Debug|Any CPU
		{BE07CC1F-1E24-4DE0-A05C-0D05490DA5A9}.Release|Any CPU.ActiveCfg = Release|Any CPU
		{BE07CC1F-1E24-4DE0-A05C-0D05490DA5A9}.Release|Any CPU.Build.0 = Release|Any CPU
	EndGlobalSection
	GlobalSection(SolutionProperties) = preSolution
		HideSolutionNode = FALSE
	EndGlobalSection
	GlobalSection(ExtensibilityGlobals) = postSolution
		SolutionGuid = {EA57C6AA-5585-43C8-BFCD-DBD7126662C9}
	EndGlobalSection
EndGlobal
