
Microsoft Visual Studio Solution File, Format Version 12.00
# Visual Studio 15
VisualStudioVersion = 15.0.27703.2042
MinimumVisualStudioVersion = 10.0.40219.1
Project("{9A19103F-16F7-4668-BE54-9A1E7A4F7556}") = "RequestHelper", "RequestHelper\RequestHelper.csproj", "{9051C4C2-E97F-4D9C-8715-EC38008228A2}"
EndProject
Project("{9A19103F-16F7-4668-BE54-9A1E7A4F7556}") = "RequestHelper.Test", "RequestHelper.Test\RequestHelper.Test.csproj", "{AB17F018-2223-4ED9-A0F1-DF05FC24B865}"
EndProject
Global
	GlobalSection(SolutionConfigurationPlatforms) = preSolution
		Debug|Any CPU = Debug|Any CPU
		Release|Any CPU = Release|Any CPU
	EndGlobalSection
	GlobalSection(ProjectConfigurationPlatforms) = postSolution
		{9051C4C2-E97F-4D9C-8715-EC38008228A2}.Debug|Any CPU.ActiveCfg = Debug|Any CPU
		{9051C4C2-E97F-4D9C-8715-EC38008228A2}.Debug|Any CPU.Build.0 = Debug|Any CPU
		{9051C4C2-E97F-4D9C-8715-EC38008228A2}.Release|Any CPU.ActiveCfg = Release|Any CPU
		{9051C4C2-E97F-4D9C-8715-EC38008228A2}.Release|Any CPU.Build.0 = Release|Any CPU
		{AB17F018-2223-4ED9-A0F1-DF05FC24B865}.Debug|Any CPU.ActiveCfg = Debug|Any CPU
		{AB17F018-2223-4ED9-A0F1-DF05FC24B865}.Debug|Any CPU.Build.0 = Debug|Any CPU
		{AB17F018-2223-4ED9-A0F1-DF05FC24B865}.Release|Any CPU.ActiveCfg = Release|Any CPU
		{AB17F018-2223-4ED9-A0F1-DF05FC24B865}.Release|Any CPU.Build.0 = Release|Any CPU
	EndGlobalSection
	GlobalSection(SolutionProperties) = preSolution
		HideSolutionNode = FALSE
	EndGlobalSection
	GlobalSection(ExtensibilityGlobals) = postSolution
		SolutionGuid = {FFD559B5-45DE-401D-A445-E764D11D2252}
	EndGlobalSection
EndGlobal
